{
  "nodes": {
    "flake-compat": {
      "locked": {
        "lastModified": 1688025799,
        "narHash": "sha256-ktpB4dRtnksm9F5WawoIkEneh1nrEvuxb5lJFt1iOyw=",
        "owner": "nix-community",
        "repo": "flake-compat",
        "rev": "8bf105319d44f6b9f0d764efa4fdef9f1cc9ba1c",
        "type": "github"
      },
      "original": {
        "owner": "nix-community",
        "repo": "flake-compat",
        "type": "github"
      }
    },
    "grc-rs": {
      "inputs": {
        "nixpkgs": [
          "nixpkgs"
        ]
      },
      "locked": {
        "lastModified": 1708537354,
        "narHash": "sha256-T38n1bryzQHCCvhwacMJKZiCuFnQRDZvwYZhVhaGQ9M=",
        "owner": "catboy009",
        "repo": "grc-rs",
        "rev": "8a6ef0843be6342c1d6bdc620df0d4dff700b4cc",
        "type": "github"
      },
      "original": {
        "owner": "catboy009",
        "repo": "grc-rs",
        "type": "github"
      }
    },
    "home-manager": {
      "inputs": {
        "nixpkgs": [
          "nixpkgs"
        ]
      },
      "locked": {
        "lastModified": 1740699498,
        "narHash": "sha256-r9hkKzX99CGiP1ZqH0e+SWKK4CMsRNRLyotuwrUjhTI=",
        "owner": "nix-community",
        "repo": "home-manager",
        "rev": "b71edac7a3167026aabea82a54d08b1794088c21",
        "type": "github"
      },
      "original": {
        "owner": "nix-community",
        "repo": "home-manager",
        "type": "github"
      }
    },
    "nixos-apple-silicon": {
      "inputs": {
        "flake-compat": "flake-compat",
        "nixpkgs": [
          "nixpkgs"
        ]
      },
      "locked": {
        "lastModified": 1740754871,
        "narHash": "sha256-VuiCO1ETB6SFktUpflrowJA1PkfOWaztpiHfnDTnSnc=",
        "owner": "catboy009",
        "repo": "nixos-asahi",
        "rev": "e6e46f129457fb99b853b627455ae606db320949",
        "type": "github"
      },
      "original": {
        "owner": "catboy009",
        "repo": "nixos-asahi",
        "type": "github"
      }
    },
    "nixpkgs": {
      "locked": {
        "lastModified": 1740560979,
        "narHash": "sha256-Vr3Qi346M+8CjedtbyUevIGDZW8LcA1fTG0ugPY/Hic=",
        "owner": "nixos",
        "repo": "nixpkgs",
        "rev": "5135c59491985879812717f4c9fea69604e7f26f",
        "type": "github"
      },
      "original": {
        "owner": "nixos",
        "ref": "nixos-unstable",
        "repo": "nixpkgs",
        "type": "github"
      }
    },
    "root": {
      "inputs": {
        "grc-rs": "grc-rs",
        "home-manager": "home-manager",
        "nixos-apple-silicon": "nixos-apple-silicon",
        "nixpkgs": "nixpkgs"
      }
    }
  },
  "root": "root",
  "version": 7
}
